<?xml version="1.0" encoding="utf-8"?>
<Project ToolsVersion="4.0" xmlns="http://schemas.microsoft.com/developer/msbuild/2003">
  <ItemGroup>
    <ClCompile Include="DX3D\Source\DX3D\Entity\CameraComponent.cpp">
      <Filter>DX3D\Source\DX3D\Entity</Filter>
    </ClCompile>
    <ClCompile Include="DX3D\Source\DX3D\Entity\Component.cpp">
      <Filter>DX3D\Source\DX3D\Entity</Filter>
    </ClCompile>
    <ClCompile Include="DX3D\Source\DX3D\Entity\FogComponent.cpp">
      <Filter>DX3D\Source\DX3D\Entity</Filter>
    </ClCompile>
    <ClCompile Include="DX3D\Source\DX3D\Entity\LightComponent.cpp">
      <Filter>DX3D\Source\DX3D\Entity</Filter>
    </ClCompile>
    <ClCompile Include="DX3D\Source\DX3D\Entity\MeshComponent.cpp">
      <Filter>DX3D\Source\DX3D\Entity</Filter>
    </ClCompile>
    <ClCompile Include="DX3D\Source\DX3D\Entity\TerrainComponent.cpp">
      <Filter>DX3D\Source\DX3D\Entity</Filter>
    </ClCompile>
    <ClCompile Include="DX3D\Source\DX3D\Entity\TransformComponent.cpp">
      <Filter>DX3D\Source\DX3D\Entity</Filter>
    </ClCompile>
    <ClCompile Include="DX3D\Source\DX3D\Entity\WaterComponent.cpp">
      <Filter>DX3D\Source\DX3D\Entity</Filter>
    </ClCompile>
    <ClCompile Include="DX3D\Source\DX3D\Entity\Entity.cpp">
      <Filter>DX3D\Source\DX3D\Entity</Filter>
    </ClCompile>
    <ClCompile Include="DX3D\Source\DX3D\Graphics\ConstantBuffer.cpp">
      <Filter>DX3D\Source\DX3D\Graphics</Filter>
    </ClCompile>
    <ClCompile Include="DX3D\Source\DX3D\Graphics\DeviceContext.cpp">
      <Filter>DX3D\Source\DX3D\Graphics</Filter>
    </ClCompile>
    <ClCompile Include="DX3D\Source\DX3D\Graphics\GraphicsEngine.cpp">
      <Filter>DX3D\Source\DX3D\Graphics</Filter>
    </ClCompile>
    <ClCompile Include="DX3D\Source\DX3D\Graphics\IndexBuffer.cpp">
      <Filter>DX3D\Source\DX3D\Graphics</Filter>
    </ClCompile>
    <ClCompile Include="DX3D\Source\DX3D\Graphics\PixelShader.cpp">
      <Filter>DX3D\Source\DX3D\Graphics</Filter>
    </ClCompile>
    <ClCompile Include="DX3D\Source\DX3D\Graphics\RenderSystem.cpp">
      <Filter>DX3D\Source\DX3D\Graphics</Filter>
    </ClCompile>
    <ClCompile Include="DX3D\Source\DX3D\Graphics\ShaderInclude.cpp">
      <Filter>DX3D\Source\DX3D\Graphics</Filter>
    </ClCompile>
    <ClCompile Include="DX3D\Source\DX3D\Graphics\SwapChain.cpp">
      <Filter>DX3D\Source\DX3D\Graphics</Filter>
    </ClCompile>
    <ClCompile Include="DX3D\Source\DX3D\Graphics\Texture2D.cpp">
      <Filter>DX3D\Source\DX3D\Graphics</Filter>
    </ClCompile>
    <ClCompile Include="DX3D\Source\DX3D\Graphics\VertexBuffer.cpp">
      <Filter>DX3D\Source\DX3D\Graphics</Filter>
    </ClCompile>
    <ClCompile Include="DX3D\Source\DX3D\Graphics\VertexShader.cpp">
      <Filter>DX3D\Source\DX3D\Graphics</Filter>
    </ClCompile>
    <ClCompile Include="Game\DemoGame.cpp">
      <Filter>Game</Filter>
    </ClCompile>
    <ClCompile Include="Game\main.cpp">
      <Filter>Game</Filter>
    </ClCompile>
    <ClCompile Include="DX3D\Source\DX3D\Game\Display.cpp">
      <Filter>DX3D\Source\DX3D\Game</Filter>
    </ClCompile>
    <ClCompile Include="DX3D\Source\DX3D\Game\Game.cpp">
      <Filter>DX3D\Source\DX3D\Game</Filter>
    </ClCompile>
    <ClCompile Include="DX3D\Source\DX3D\Game\World.cpp">
      <Filter>DX3D\Source\DX3D\Game</Filter>
    </ClCompile>
    <ClCompile Include="DX3D\Source\DX3D\Input\InputSystem.cpp">
      <Filter>DX3D\Source\DX3D\Input</Filter>
    </ClCompile>
    <ClCompile Include="DX3D\Source\DX3D\Window\Window.cpp">
      <Filter>DX3D\Source\DX3D\Window</Filter>
    </ClCompile>
    <ClCompile Include="DX3D\Source\DX3D\Resource\Texture.cpp">
      <Filter>DX3D\Source\DX3D\Resource</Filter>
    </ClCompile>
    <ClCompile Include="DX3D\Source\DX3D\Resource\ResourceManager.cpp">
      <Filter>DX3D\Source\DX3D\Resource</Filter>
    </ClCompile>
    <ClCompile Include="DX3D\Source\DX3D\Resource\Resource.cpp">
      <Filter>DX3D\Source\DX3D\Resource</Filter>
    </ClCompile>
    <ClCompile Include="DX3D\Source\DX3D\Resource\Mesh.cpp">
      <Filter>DX3D\Source\DX3D\Resource</Filter>
    </ClCompile>
    <ClCompile Include="DX3D\Source\DX3D\Resource\Material.cpp">
      <Filter>DX3D\Source\DX3D\Resource</Filter>
    </ClCompile>
    <ClCompile Include="DX3D\Source\DX3D\Entity\Player.cpp">
      <Filter>Game\Entity</Filter>
    </ClCompile>
    <ClCompile Include="DX3D\Source\DX3D\Game\Win32\Win32Game.cpp">
      <Filter>DX3D\Source\DX3D\Game\Win32</Filter>
    </ClCompile>
    <ClCompile Include="DX3D\Source\DX3D\Entity\TextComponent.cpp">
      <Filter>DX3D\Source\DX3D\Entity</Filter>
    </ClCompile>
    <ClCompile Include="DX3D\Source\DX3D\Graphics\Font2D.cpp">
      <Filter>DX3D\Source\DX3D\Graphics</Filter>
    </ClCompile>
    <ClCompile Include="DX3D\Source\DX3D\Resource\Font.cpp">
      <Filter>DX3D\Source\DX3D\Resource</Filter>
    </ClCompile>
    <ClCompile Include="DX3D\Source\DX3D\Resource\FontUtility.cpp">
      <Filter>DX3D\Source\DX3D\Resource</Filter>
    </ClCompile>
    <ClCompile Include="DX3D\Source\DX3D\Scene\SceneManager.cpp" />
    <ClCompile Include="DX3D\Source\DX3D\Scene\RootLoader.cpp" />
    <ClCompile Include="DX3D\Source\DX3D\Scene\SceneLoaderVisitor.cpp" />
    <ClCompile Include="DX3D\Source\DX3D\Game\Options.cpp" />
    <ClCompile Include="DX3D\Vendor\imgui\imgui.cpp" />
    <ClCompile Include="DX3D\Vendor\imgui\imgui_demo.cpp" />
    <ClCompile Include="DX3D\Vendor\imgui\imgui_draw.cpp" />
    <ClCompile Include="DX3D\Vendor\imgui\imgui_tables.cpp" />
    <ClCompile Include="DX3D\Vendor\imgui\imgui_widgets.cpp" />
    <ClCompile Include="DX3D\Vendor\imgui\backends\imgui_impl_dx11.cpp" />
    <ClCompile Include="DX3D\Vendor\imgui\backends\imgui_impl_win32.cpp" />
  </ItemGroup>
  <ItemGroup>
    <ClInclude Include="DX3D\Vendor\DirectXTex\include\DirectXTex.h">
      <Filter>DX3D\Vendor\DirectXTex\include</Filter>
    </ClInclude>
    <ClInclude Include="DX3D\Vendor\tinyobjloader\include\tiny_obj_loader.h">
      <Filter>DX3D\Vendor\tinyobjloader\include</Filter>
    </ClInclude>
    <ClInclude Include="DX3D\Include\DX3D\Entity\CameraComponent.h">
      <Filter>DX3D\Include\DX3D\Entity</Filter>
    </ClInclude>
    <ClInclude Include="DX3D\Include\DX3D\Graphics\CommonShader.h">
      <Filter>DX3D\Include\DX3D\Graphics</Filter>
    </ClInclude>
    <ClInclude Include="DX3D\Include\DX3D\Entity\Component.h">
      <Filter>DX3D\Include\DX3D\Entity</Filter>
    </ClInclude>
    <ClInclude Include="DX3D\Include\DX3D\Graphics\ConstantBuffer.h">
      <Filter>DX3D\Include\DX3D\Graphics</Filter>
    </ClInclude>
    <ClInclude Include="Game\DemoGame.h">
      <Filter>Game</Filter>
    </ClInclude>
    <ClInclude Include="DX3D\Include\DX3D\Graphics\DeviceContext.h">
      <Filter>DX3D\Include\DX3D\Graphics</Filter>
    </ClInclude>
    <ClInclude Include="DX3D\Include\DX3D\Game\Display.h">
      <Filter>DX3D\Include\DX3D\Game</Filter>
    </ClInclude>
    <ClInclude Include="DX3D\Include\DX3D\Entity\Entity.h">
      <Filter>DX3D\Include\DX3D\Entity</Filter>
    </ClInclude>
    <ClInclude Include="DX3D\Include\DX3D\Entity\FogComponent.h">
      <Filter>DX3D\Include\DX3D\Entity</Filter>
    </ClInclude>
    <ClInclude Include="DX3D\Include\DX3D\Game\Game.h">
      <Filter>DX3D\Include\DX3D\Game</Filter>
    </ClInclude>
    <ClInclude Include="DX3D\Include\DX3D\Graphics\GraphicsEngine.h">
      <Filter>DX3D\Include\DX3D\Graphics</Filter>
    </ClInclude>
    <ClInclude Include="DX3D\Include\DX3D\Includes.h">
      <Filter>DX3D\Include\DX3D</Filter>
    </ClInclude>
    <ClInclude Include="DX3D\Include\DX3D\Graphics\IndexBuffer.h">
      <Filter>DX3D\Include\DX3D\Graphics</Filter>
    </ClInclude>
    <ClInclude Include="DX3D\Include\DX3D\Input\InputSystem.h">
      <Filter>DX3D\Include\DX3D\Input</Filter>
    </ClInclude>
    <ClInclude Include="DX3D\Include\DX3D\Entity\LightComponent.h">
      <Filter>DX3D\Include\DX3D\Entity</Filter>
    </ClInclude>
    <ClInclude Include="DX3D\Include\DX3D\Resource\Material.h">
      <Filter>DX3D\Include\DX3D\Resource</Filter>
    </ClInclude>
    <ClInclude Include="DX3D\Include\DX3D\Resource\MaterialSlot.h">
      <Filter>DX3D\Include\DX3D\Resource</Filter>
    </ClInclude>
    <ClInclude Include="DX3D\Include\DX3D\Math\Matrix4x4.h">
      <Filter>DX3D\Include\DX3D\Math</Filter>
    </ClInclude>
    <ClInclude Include="DX3D\Include\DX3D\Resource\Mesh.h">
      <Filter>DX3D\Include\DX3D\Resource</Filter>
    </ClInclude>
    <ClInclude Include="DX3D\Include\DX3D\Entity\MeshComponent.h">
      <Filter>DX3D\Include\DX3D\Entity</Filter>
    </ClInclude>
    <ClInclude Include="DX3D\Include\DX3D\Graphics\PixelShader.h">
      <Filter>DX3D\Include\DX3D\Graphics</Filter>
    </ClInclude>
    <ClInclude Include="DX3D\Include\DX3D\Entity\Player.h">
      <Filter>Game\Entity</Filter>
    </ClInclude>
    <ClInclude Include="DX3D\Include\DX3D\Math\Point.h">
      <Filter>DX3D\Include\DX3D\Math</Filter>
    </ClInclude>
    <ClInclude Include="DX3D\Include\DX3D\Prerequisites.h">
      <Filter>DX3D\Include\DX3D</Filter>
    </ClInclude>
    <ClInclude Include="DX3D\Include\DX3D\Graphics\RenderSystem.h">
      <Filter>DX3D\Include\DX3D\Graphics</Filter>
    </ClInclude>
    <ClInclude Include="DX3D\Include\DX3D\Graphics\ShaderInclude.h">
      <Filter>DX3D\Include\DX3D\Graphics</Filter>
    </ClInclude>
    <ClInclude Include="DX3D\Include\DX3D\Graphics\SwapChain.h">
      <Filter>DX3D\Include\DX3D\Graphics</Filter>
    </ClInclude>
    <ClInclude Include="DX3D\Include\DX3D\Graphics\VertexShader.h">
      <Filter>DX3D\Include\DX3D\Graphics</Filter>
    </ClInclude>
    <ClInclude Include="DX3D\Include\DX3D\Math\Rect.h">
      <Filter>DX3D\Include\DX3D\Math</Filter>
    </ClInclude>
    <ClInclude Include="DX3D\Include\DX3D\Math\Vector2D.h">
      <Filter>DX3D\Include\DX3D\Math</Filter>
    </ClInclude>
    <ClInclude Include="DX3D\Include\DX3D\Math\Vector3D.h">
      <Filter>DX3D\Include\DX3D\Math</Filter>
    </ClInclude>
    <ClInclude Include="DX3D\Include\DX3D\Math\Vector4D.h">
      <Filter>DX3D\Include\DX3D\Math</Filter>
    </ClInclude>
    <ClInclude Include="DX3D\Include\DX3D\Math\Vertex.h">
      <Filter>DX3D\Include\DX3D\Math</Filter>
    </ClInclude>
    <ClInclude Include="DX3D\Include\DX3D\Math\VertexMesh.h">
      <Filter>DX3D\Include\DX3D\Math</Filter>
    </ClInclude>
    <ClInclude Include="DX3D\Include\DX3D\Resource\Resource.h">
      <Filter>DX3D\Include\DX3D\Resource</Filter>
    </ClInclude>
    <ClInclude Include="DX3D\Include\DX3D\Resource\ResourceManager.h">
      <Filter>DX3D\Include\DX3D\Resource</Filter>
    </ClInclude>
    <ClInclude Include="DX3D\Include\DX3D\Resource\Texture.h">
      <Filter>DX3D\Include\DX3D\Resource</Filter>
    </ClInclude>
    <ClInclude Include="DX3D\Include\DX3D\Entity\TerrainComponent.h">
      <Filter>DX3D\Include\DX3D\Entity</Filter>
    </ClInclude>
    <ClInclude Include="DX3D\Include\DX3D\Entity\TransformComponent.h">
      <Filter>DX3D\Include\DX3D\Entity</Filter>
    </ClInclude>
    <ClInclude Include="DX3D\Include\DX3D\Entity\WaterComponent.h">
      <Filter>DX3D\Include\DX3D\Entity</Filter>
    </ClInclude>
    <ClInclude Include="DX3D\Include\DX3D\Graphics\Texture2D.h">
      <Filter>DX3D\Include\DX3D\Graphics</Filter>
    </ClInclude>
    <ClInclude Include="DX3D\Include\DX3D\Graphics\VertexBuffer.h">
      <Filter>DX3D\Include\DX3D\Graphics</Filter>
    </ClInclude>
    <ClInclude Include="DX3D\Include\DX3D\Window\Window.h">
      <Filter>DX3D\Include\DX3D\Window</Filter>
    </ClInclude>
    <ClInclude Include="DX3D\Include\DX3D\Game\World.h">
      <Filter>DX3D\Include\DX3D\Game</Filter>
    </ClInclude>
    <ClInclude Include="DX3D\Vendor\DirectXTK\include\SimpleMath.h">
      <Filter>DX3D\Vendor\DirectXTK\include</Filter>
    </ClInclude>
    <ClInclude Include="DX3D\Vendor\DirectXTK\include\SpriteBatch.h">
      <Filter>DX3D\Vendor\DirectXTK\include</Filter>
    </ClInclude>
    <ClInclude Include="DX3D\Vendor\DirectXTK\include\SpriteFont.h">
      <Filter>DX3D\Vendor\DirectXTK\include</Filter>
    </ClInclude>
    <ClInclude Include="DX3D\Include\DX3D\Entity\TextComponent.h">
      <Filter>DX3D\Include\DX3D\Entity</Filter>
    </ClInclude>
    <ClInclude Include="DX3D\Include\DX3D\Graphics\Font2D.h">
      <Filter>DX3D\Include\DX3D\Graphics</Filter>
    </ClInclude>
    <ClInclude Include="DX3D\Include\DX3D\Resource\Font.h">
      <Filter>DX3D\Include\DX3D\Resource</Filter>
    </ClInclude>
    <ClInclude Include="DX3D\Include\DX3D\Resource\FontUtility.h">
      <Filter>DX3D\Include\DX3D\Resource</Filter>
    </ClInclude>
    <ClInclude Include="DX3D\Vendor\Nlohmann\include\json.hpp" />
    <ClInclude Include="DX3D\Include\DX3D\Scene\SceneManager.h" />
    <ClInclude Include="DX3D\Include\DX3D\Scene\RootLoader.h" />
    <ClInclude Include="DX3D\Include\DX3D\Scene\ISceneLoaderVisitor.h" />
    <ClInclude Include="DX3D\Include\DX3D\Scene\ILoader.h" />
    <ClInclude Include="DX3D\Include\DX3D\Scene\SceneLoaderVisitor.h" />
    <ClInclude Include="DX3D\Include\DX3D\Version.h" />
    <ClInclude Include="resource.h" />
    <ClInclude Include="DX3D\Include\DX3D\Scene\Loader.h" />
    <ClInclude Include="DX3D\Include\DX3D\Game\Options.h" />
    <ClInclude Include="DX3D\Vendor\imgui\imconfig.h" />
    <ClInclude Include="DX3D\Vendor\imgui\imgui.h" />
    <ClInclude Include="DX3D\Vendor\imgui\imgui_internal.h" />
    <ClInclude Include="DX3D\Vendor\imgui\imstb_rectpack.h" />
    <ClInclude Include="DX3D\Vendor\imgui\imstb_textedit.h" />
    <ClInclude Include="DX3D\Vendor\imgui\imstb_truetype.h" />
    <ClInclude Include="DX3D\Vendor\imgui\backends\imgui_impl_dx11.h" />
    <ClInclude Include="DX3D\Vendor\imgui\backends\imgui_impl_win32.h" />
  </ItemGroup>
  <ItemGroup>
    <Filter Include="DX3D">
      <UniqueIdentifier>{e022b881-0921-4a31-a510-cbb9bdac06ee}</UniqueIdentifier>
    </Filter>
    <Filter Include="Game">
      <UniqueIdentifier>{905c0b0b-fdec-4e07-8f5d-881936e91d79}</UniqueIdentifier>
    </Filter>
    <Filter Include="DX3D\Include">
      <UniqueIdentifier>{6a446d26-0d95-4b11-a2bd-6109d27b5304}</UniqueIdentifier>
    </Filter>
    <Filter Include="DX3D\Source">
      <UniqueIdentifier>{0613b06e-808e-4d6e-ba5b-47ca2106afce}</UniqueIdentifier>
    </Filter>
    <Filter Include="DX3D\Vendor">
      <UniqueIdentifier>{a102c037-3534-421d-b798-02076c2ba004}</UniqueIdentifier>
    </Filter>
    <Filter Include="Game\Entity">
      <UniqueIdentifier>{18726c19-79ca-4968-8457-77327cd17542}</UniqueIdentifier>
    </Filter>
    <Filter Include="DX3D\Include\DX3D">
      <UniqueIdentifier>{b46d9800-f09e-4c90-bc0d-553eef4089f2}</UniqueIdentifier>
    </Filter>
    <Filter Include="DX3D\Source\DX3D">
      <UniqueIdentifier>{b6c22aa4-3be5-4c8a-b96f-cfeb0af358cd}</UniqueIdentifier>
    </Filter>
    <Filter Include="DX3D\Include\DX3D\Entity">
      <UniqueIdentifier>{190bcbb0-adb7-4f0d-bd03-218670920869}</UniqueIdentifier>
    </Filter>
    <Filter Include="DX3D\Include\DX3D\Game">
      <UniqueIdentifier>{6d482e82-030e-432a-8243-271d31d62329}</UniqueIdentifier>
    </Filter>
    <Filter Include="DX3D\Include\DX3D\Graphics">
      <UniqueIdentifier>{450a8f50-0e62-401c-800f-0676c2c14b04}</UniqueIdentifier>
    </Filter>
    <Filter Include="DX3D\Include\DX3D\Input">
      <UniqueIdentifier>{f44ad549-39f0-423c-8e78-3a1bae787282}</UniqueIdentifier>
    </Filter>
    <Filter Include="DX3D\Include\DX3D\Math">
      <UniqueIdentifier>{1400dc1f-1979-41f6-bf29-300d44df681c}</UniqueIdentifier>
    </Filter>
    <Filter Include="DX3D\Include\DX3D\Resource">
      <UniqueIdentifier>{f01f28a4-c135-4562-b840-76a98984432d}</UniqueIdentifier>
    </Filter>
    <Filter Include="DX3D\Include\DX3D\Window">
      <UniqueIdentifier>{6814f200-9378-4736-8ba3-76c527fea96f}</UniqueIdentifier>
    </Filter>
    <Filter Include="DX3D\Source\DX3D\Entity">
      <UniqueIdentifier>{73c18814-bf89-4f90-9088-74f78518dd29}</UniqueIdentifier>
    </Filter>
    <Filter Include="DX3D\Source\DX3D\Game">
      <UniqueIdentifier>{6b9d82b7-dab6-4a83-854b-8da8dd205037}</UniqueIdentifier>
    </Filter>
    <Filter Include="DX3D\Source\DX3D\Graphics">
      <UniqueIdentifier>{9280535b-4d3f-416a-acd9-f15704707a1b}</UniqueIdentifier>
    </Filter>
    <Filter Include="DX3D\Source\DX3D\Input">
      <UniqueIdentifier>{5cc965a5-3a75-47e6-a6a1-55902b87556a}</UniqueIdentifier>
    </Filter>
    <Filter Include="DX3D\Source\DX3D\Resource">
      <UniqueIdentifier>{b5a5668c-605a-4c29-bd87-1a9fc4bce48d}</UniqueIdentifier>
    </Filter>
    <Filter Include="DX3D\Source\DX3D\Window">
      <UniqueIdentifier>{1a25f5d8-40f5-4aa4-bce3-c675c0e91299}</UniqueIdentifier>
    </Filter>
    <Filter Include="DX3D\Vendor\DirectXTex">
      <UniqueIdentifier>{b92ca751-bc06-433a-9db3-6c6fdb7b3d13}</UniqueIdentifier>
    </Filter>
    <Filter Include="DX3D\Vendor\tinyobjloader">
      <UniqueIdentifier>{3707baed-c945-4348-a11f-166178821f62}</UniqueIdentifier>
    </Filter>
    <Filter Include="DX3D\Vendor\DirectXTex\include">
      <UniqueIdentifier>{566e3356-9c23-4c18-b431-61af59e527f9}</UniqueIdentifier>
    </Filter>
    <Filter Include="DX3D\Vendor\tinyobjloader\include">
      <UniqueIdentifier>{6d2f757e-ed5a-490d-b235-6d997e265c5d}</UniqueIdentifier>
    </Filter>
    <Filter Include="DX3D\Source\DX3D\Game\Win32">
      <UniqueIdentifier>{a95987ea-1aa5-4af4-b658-0aac38d7d243}</UniqueIdentifier>
    </Filter>
    <Filter Include="DX3D\Vendor\DirectXTex\lib">
      <UniqueIdentifier>{f4cfed58-b24a-4803-a37c-e56645195a17}</UniqueIdentifier>
    </Filter>
    <Filter Include="DX3D\Vendor\DirectXTK">
      <UniqueIdentifier>{4862b5f6-61e6-4853-8ccb-44efd111985a}</UniqueIdentifier>
    </Filter>
    <Filter Include="DX3D\Vendor\DirectXTK\lib">
      <UniqueIdentifier>{64e450ef-f925-4715-a449-23f422bee466}</UniqueIdentifier>
    </Filter>
    <Filter Include="DX3D\Vendor\DirectXTK\bin">
      <UniqueIdentifier>{1bbb6cc6-dcd3-4894-b61c-47d6ecaf7169}</UniqueIdentifier>
    </Filter>
    <Filter Include="DX3D\Vendor\DirectXTK\include">
      <UniqueIdentifier>{53b39f99-35e6-4745-a67b-ae322b19f68b}</UniqueIdentifier>
    </Filter>
  </ItemGroup>
  <ItemGroup>
    <None Include="DX3D\Vendor\DirectXTex\include\DirectXTex.inl">
      <Filter>DX3D\Vendor\DirectXTex\include</Filter>
    </None>
    <None Include="DX3D\Vendor\tinyobjloader\LICENSE">
      <Filter>DX3D\Vendor\tinyobjloader</Filter>
    </None>
    <None Include="DX3D\Vendor\DirectXTex\lib\DirectXTex.pdb">
      <Filter>DX3D\Vendor\DirectXTex\lib</Filter>
    </None>
    <None Include="DX3D\Vendor\DirectXTK\lib\DirectXTKD.pdb">
      <Filter>DX3D\Vendor\DirectXTK\lib</Filter>
    </None>
    <None Include="DX3D\Vendor\DirectXTK\lib\MakeSpriteFont.exe">
      <Filter>DX3D\Vendor\DirectXTK\bin</Filter>
    </None>
    <None Include="DX3D\Vendor\DirectXTK\LICENSE">
      <Filter>DX3D\Vendor\DirectXTK</Filter>
    </None>
    <None Include="DX3D\Vendor\DirectXTK\include\SimpleMath.inl">
      <Filter>DX3D\Vendor\DirectXTK\include</Filter>
    </None>
    <None Include="DX3D\Vendor\Nlohmann\LICENSE.MIT" />
    <None Include="Version.rc2" />
  </ItemGroup>
  <ItemGroup>
    <Text Include="DX3D\Vendor\DirectXTex\LICENSE.txt">
      <Filter>DX3D\Vendor\DirectXTex</Filter>
    </Text>
    <Text Include="DX3D\Vendor\imgui\LICENSE.txt" />
  </ItemGroup>
  <ItemGroup>
    <Library Include="DX3D\Vendor\DirectXTex\lib\DirectXTex.lib">
      <Filter>DX3D\Vendor\DirectXTex\lib</Filter>
    </Library>
    <Library Include="DX3D\Vendor\DirectXTex\lib\DirectXTex_x86.lib">
      <Filter>DX3D\Vendor\DirectXTex\lib</Filter>
    </Library>
    <Library Include="DX3D\Vendor\DirectXTex\lib\DirectXTexD.lib">
      <Filter>DX3D\Vendor\DirectXTex\lib</Filter>
    </Library>
    <Library Include="DX3D\Vendor\DirectXTex\lib\DirectXTexD_x86.lib">
      <Filter>DX3D\Vendor\DirectXTex\lib</Filter>
    </Library>
    <Library Include="DX3D\Vendor\DirectXTK\lib\DirectXTK.lib">
      <Filter>DX3D\Vendor\DirectXTK\lib</Filter>
    </Library>
    <Library Include="DX3D\Vendor\DirectXTK\lib\DirectXTKD.lib">
      <Filter>DX3D\Vendor\DirectXTK\lib</Filter>
    </Library>
  </ItemGroup>
  <ItemGroup>
    <ResourceCompile Include="DX3D.rc" />
  </ItemGroup>
</Project>